{
    "name": "hexo-diagrams-net",
    "version": "2024.4.1",
    "lockfileVersion": 3,
    "requires": true,
    "packages": {
        "": {
            "name": "hexo-diagrams-net",
            "version": "2024.4.1",
            "license": "MIT",
            "dependencies": {
                "hexo-util-parse-tag-arguments": "^2021.1.2"
            }
        },
        "node_modules/hexo-util-parse-tag-arguments": {
            "version": "2021.1.2",
            "resolved": "https://registry.npmjs.org/hexo-util-parse-tag-arguments/-/hexo-util-parse-tag-arguments-2021.1.2.tgz",
            "integrity": "sha512-JwM1pH1b9k553cxDOqFzCoGo/W39Cktf3YAIu7cBSCOaEmASSmpr0x4tYzyM8U2HtVnfmhfvi75kXDTw+gnOlg=="
        }
    }
}
