{
    "name": "hexo-diagrams-net",
    "version": "2021.7.1",
    "lockfileVersion": 1,
    "requires": true,
    "dependencies": {
        "hexo-util-parse-tag-arguments": {
            "version": "2021.1.2",
            "resolved": "https://registry.npmjs.org/hexo-util-parse-tag-arguments/-/hexo-util-parse-tag-arguments-2021.1.2.tgz",
            "integrity": "sha512-JwM1pH1b9k553cxDOqFzCoGo/W39Cktf3YAIu7cBSCOaEmASSmpr0x4tYzyM8U2HtVnfmhfvi75kXDTw+gnOlg=="
        }
    }
}
